
Microsoft Visual Studio Solution File, Format Version 12.00
# Visual Studio Version 16
VisualStudioVersion = 16.0.30002.166
MinimumVisualStudioVersion = 10.0.40219.1
Project("{FAE04EC0-301F-11D3-BF4B-00C04F79EFBC}") = "Web", "Web\Web.csproj", "{15D246BB-60E5-4715-B02C-3D12926CD88B}"
EndProject
Global
	GlobalSection(SolutionConfigurationPlatforms) = preSolution
		Debug|Any CPU = Debug|Any CPU
		Release|Any CPU = Release|Any CPU
	EndGlobalSection
	GlobalSection(ProjectConfigurationPlatforms) = postSolution
		{15D246BB-60E5-4715-B02C-3D12926CD88B}.Debug|Any CPU.ActiveCfg = Debug|Any CPU
		{15D246BB-60E5-4715-B02C-3D12926CD88B}.Debug|Any CPU.Build.0 = Debug|Any CPU
		{15D246BB-60E5-4715-B02C-3D12926CD88B}.Release|Any CPU.ActiveCfg = Release|Any CPU
		{15D246BB-60E5-4715-B02C-3D12926CD88B}.Release|Any CPU.Build.0 = Release|Any CPU
	EndGlobalSection
	GlobalSection(SolutionProperties) = preSolution
		HideSolutionNode = FALSE
	EndGlobalSection
	GlobalSection(ExtensibilityGlobals) = postSolution
		SolutionGuid = {E88D337C-1AE9-46BC-8C6D-0C7E1B502C9A}
	EndGlobalSection
EndGlobal
